
Microsoft Visual Studio Solution File, Format Version 12.00
# Visual Studio 15
VisualStudioVersion = 15.0.27428.2037
MinimumVisualStudioVersion = 10.0.40219.1
Project("{FAE04EC0-301F-11D3-BF4B-00C04F79EFBC}") = "TestDataGenerator", "GetRekt\TestDataGenerator.csproj", "{E61FD113-D0CA-454D-B0BB-6FF3DFC5E34F}"
EndProject
Project("{FAE04EC0-301F-11D3-BF4B-00C04F79EFBC}") = "UnitTestProject1", "UnitTestProject1\UnitTestProject1.csproj", "{3CD34D66-2542-4C68-BC90-691F1E464A4F}"
EndProject
Project("{2150E333-8FDC-42A3-9474-1A3956D46DE8}") = "GetRekt", "GetRekt", "{22814B88-49CE-46C0-95F1-BD2B8145AE18}"
EndProject
Project("{FAE04EC0-301F-11D3-BF4B-00C04F79EFBC}") = "AppCode", "ConsoleApp1\AppCode.csproj", "{B6BB7484-E5E6-4A49-B822-AD859A1645D2}"
EndProject
Global
	GlobalSection(SolutionConfigurationPlatforms) = preSolution
		Debug|Any CPU = Debug|Any CPU
		Release|Any CPU = Release|Any CPU
	EndGlobalSection
	GlobalSection(ProjectConfigurationPlatforms) = postSolution
		{E61FD113-D0CA-454D-B0BB-6FF3DFC5E34F}.Debug|Any CPU.ActiveCfg = Debug|Any CPU
		{E61FD113-D0CA-454D-B0BB-6FF3DFC5E34F}.Debug|Any CPU.Build.0 = Debug|Any CPU
		{E61FD113-D0CA-454D-B0BB-6FF3DFC5E34F}.Release|Any CPU.ActiveCfg = Release|Any CPU
		{E61FD113-D0CA-454D-B0BB-6FF3DFC5E34F}.Release|Any CPU.Build.0 = Release|Any CPU
		{3CD34D66-2542-4C68-BC90-691F1E464A4F}.Debug|Any CPU.ActiveCfg = Debug|Any CPU
		{3CD34D66-2542-4C68-BC90-691F1E464A4F}.Debug|Any CPU.Build.0 = Debug|Any CPU
		{3CD34D66-2542-4C68-BC90-691F1E464A4F}.Release|Any CPU.ActiveCfg = Release|Any CPU
		{3CD34D66-2542-4C68-BC90-691F1E464A4F}.Release|Any CPU.Build.0 = Release|Any CPU
		{B6BB7484-E5E6-4A49-B822-AD859A1645D2}.Debug|Any CPU.ActiveCfg = Debug|Any CPU
		{B6BB7484-E5E6-4A49-B822-AD859A1645D2}.Debug|Any CPU.Build.0 = Debug|Any CPU
		{B6BB7484-E5E6-4A49-B822-AD859A1645D2}.Release|Any CPU.ActiveCfg = Release|Any CPU
		{B6BB7484-E5E6-4A49-B822-AD859A1645D2}.Release|Any CPU.Build.0 = Release|Any CPU
	EndGlobalSection
	GlobalSection(SolutionProperties) = preSolution
		HideSolutionNode = FALSE
	EndGlobalSection
	GlobalSection(NestedProjects) = preSolution
		{E61FD113-D0CA-454D-B0BB-6FF3DFC5E34F} = {22814B88-49CE-46C0-95F1-BD2B8145AE18}
		{3CD34D66-2542-4C68-BC90-691F1E464A4F} = {22814B88-49CE-46C0-95F1-BD2B8145AE18}
		{B6BB7484-E5E6-4A49-B822-AD859A1645D2} = {22814B88-49CE-46C0-95F1-BD2B8145AE18}
	EndGlobalSection
	GlobalSection(ExtensibilityGlobals) = postSolution
		SolutionGuid = {58CD211B-1519-407B-82A3-F15FEEE0AB57}
	EndGlobalSection
EndGlobal
